
Microsoft Visual Studio Solution File, Format Version 12.00
# Visual Studio 14
VisualStudioVersion = 14.0.23107.0
MinimumVisualStudioVersion = 10.0.40219.1
Project("{FAE04EC0-301F-11D3-BF4B-00C04F79EFBC}") = "uvncDotNet", "uvncDotNet\uvncDotNet.csproj", "{718C713D-756F-4FDA-8AFC-3E8D479173C1}"
EndProject
Project("{FAE04EC0-301F-11D3-BF4B-00C04F79EFBC}") = "uvncDotNet.API", "..\uvncDotNet.API\uvncDotNet.API.csproj", "{A4B15B83-BC15-45BB-B615-D59E6C0B34DD}"
EndProject
Global
	GlobalSection(SolutionConfigurationPlatforms) = preSolution
		Debug|Any CPU = Debug|Any CPU
		Release|Any CPU = Release|Any CPU
	EndGlobalSection
	GlobalSection(ProjectConfigurationPlatforms) = postSolution
		{718C713D-756F-4FDA-8AFC-3E8D479173C1}.Debug|Any CPU.ActiveCfg = Debug|Any CPU
		{718C713D-756F-4FDA-8AFC-3E8D479173C1}.Debug|Any CPU.Build.0 = Debug|Any CPU
		{718C713D-756F-4FDA-8AFC-3E8D479173C1}.Release|Any CPU.ActiveCfg = Release|Any CPU
		{718C713D-756F-4FDA-8AFC-3E8D479173C1}.Release|Any CPU.Build.0 = Release|Any CPU
		{A4B15B83-BC15-45BB-B615-D59E6C0B34DD}.Debug|Any CPU.ActiveCfg = Debug|Any CPU
		{A4B15B83-BC15-45BB-B615-D59E6C0B34DD}.Debug|Any CPU.Build.0 = Debug|Any CPU
		{A4B15B83-BC15-45BB-B615-D59E6C0B34DD}.Release|Any CPU.ActiveCfg = Release|Any CPU
		{A4B15B83-BC15-45BB-B615-D59E6C0B34DD}.Release|Any CPU.Build.0 = Release|Any CPU
	EndGlobalSection
	GlobalSection(SolutionProperties) = preSolution
		HideSolutionNode = FALSE
	EndGlobalSection
EndGlobal
